// !$*UTF8*$!
{
	archiveVersion = 1;
	classes = {
	};
	objectVersion = 56;
	objects = {

/* Begin PBXBuildFile section */
		7E2EF7672C11E326001E2A81 /* swiftgen.yml in Resources */ = {isa = PBXBuildFile; fileRef = 7E2EF7662C11E326001E2A81 /* swiftgen.yml */; };
		7E2EF7822C11EDC2001E2A81 /* ProxyService.swift in Sources */ = {isa = PBXBuildFile; fileRef = 7E2EF7812C11EDC2001E2A81 /* ProxyService.swift */; };
		7E2EF7842C11EDD5001E2A81 /* NetworkManager.swift in Sources */ = {isa = PBXBuildFile; fileRef = 7E2EF7832C11EDD5001E2A81 /* NetworkManager.swift */; };
		7E2EF7872C11EE72001E2A81 /* StoragesRepository.swift in Sources */ = {isa = PBXBuildFile; fileRef = 7E2EF7862C11EE72001E2A81 /* StoragesRepository.swift */; };
		7E2EF78D2C11EEF5001E2A81 /* RealmManager.swift in Sources */ = {isa = PBXBuildFile; fileRef = 7E2EF78C2C11EEF5001E2A81 /* RealmManager.swift */; };
		7E2EF78F2C11EF11001E2A81 /* CacheService.swift in Sources */ = {isa = PBXBuildFile; fileRef = 7E2EF78E2C11EF11001E2A81 /* CacheService.swift */; };
		7E2EF7912C11EF2E001E2A81 /* CoreDataManager.swift in Sources */ = {isa = PBXBuildFile; fileRef = 7E2EF7902C11EF2E001E2A81 /* CoreDataManager.swift */; };
		7E2EF7972C11F0FF001E2A81 /* MenuTagData.swift in Sources */ = {isa = PBXBuildFile; fileRef = 7E2EF7962C11F0FF001E2A81 /* MenuTagData.swift */; };
		7E2EF7992C11F107001E2A81 /* MenuData.swift in Sources */ = {isa = PBXBuildFile; fileRef = 7E2EF7982C11F107001E2A81 /* MenuData.swift */; };
		7E2EF79B2C11F10E001E2A81 /* DishCoreData+CoreDataProperties.swift in Sources */ = {isa = PBXBuildFile; fileRef = 7E2EF79A2C11F10E001E2A81 /* DishCoreData+CoreDataProperties.swift */; };
		7E2EF79D2C11F115001E2A81 /* DishCoreData+CoreDataClass.swift in Sources */ = {isa = PBXBuildFile; fileRef = 7E2EF79C2C11F115001E2A81 /* DishCoreData+CoreDataClass.swift */; };
		7E2EF79F2C11F119001E2A81 /* CategoryCoreData+CoreDataProperties.swift in Sources */ = {isa = PBXBuildFile; fileRef = 7E2EF79E2C11F119001E2A81 /* CategoryCoreData+CoreDataProperties.swift */; };
		7E2EF7A12C11F11E001E2A81 /* CategoryCoreData+CoreDataClass.swift in Sources */ = {isa = PBXBuildFile; fileRef = 7E2EF7A02C11F11E001E2A81 /* CategoryCoreData+CoreDataClass.swift */; };
		7E2EF7A32C11F127001E2A81 /* СategoryModel.swift in Sources */ = {isa = PBXBuildFile; fileRef = 7E2EF7A22C11F127001E2A81 /* СategoryModel.swift */; };
		7E2EF7A62C11F16E001E2A81 /* CoreData.xcdatamodeld in Sources */ = {isa = PBXBuildFile; fileRef = 7E2EF7A42C11F16E001E2A81 /* CoreData.xcdatamodeld */; };
		7E2EF7AB2C11F7C6001E2A81 /* TabBarViewModel.swift in Sources */ = {isa = PBXBuildFile; fileRef = 7E2EF7AA2C11F7C6001E2A81 /* TabBarViewModel.swift */; };
		7E2EF7B42C11F836001E2A81 /* SwiftGenLocalizable.swift in Sources */ = {isa = PBXBuildFile; fileRef = 7E2EF7AC2C11F836001E2A81 /* SwiftGenLocalizable.swift */; };
		7E2EF7C22C11F8D9001E2A81 /* Localizable.strings in Resources */ = {isa = PBXBuildFile; fileRef = 7E2EF7C02C11F8D9001E2A81 /* Localizable.strings */; };
		7E2EF7C62C11F8EA001E2A81 /* Localizable.strings in Resources */ = {isa = PBXBuildFile; fileRef = 7E2EF7C42C11F8EA001E2A81 /* Localizable.strings */; };
		7E2EF7CA2C11FB48001E2A81 /* TabBarViewController.swift in Sources */ = {isa = PBXBuildFile; fileRef = 7E2EF7C92C11FB48001E2A81 /* TabBarViewController.swift */; };
		7E2EF7CC2C11FB69001E2A81 /* TabBarAssembly.swift in Sources */ = {isa = PBXBuildFile; fileRef = 7E2EF7CB2C11FB69001E2A81 /* TabBarAssembly.swift */; };
		7E2EF7D02C11FBD2001E2A81 /* BaseCoordinator.swift in Sources */ = {isa = PBXBuildFile; fileRef = 7E2EF7CF2C11FBD2001E2A81 /* BaseCoordinator.swift */; };
		7EE545012C0333550082B88B /* AppDelegate.swift in Sources */ = {isa = PBXBuildFile; fileRef = 7EE545002C0333550082B88B /* AppDelegate.swift */; };
		7EE545032C0333550082B88B /* SceneDelegate.swift in Sources */ = {isa = PBXBuildFile; fileRef = 7EE545022C0333550082B88B /* SceneDelegate.swift */; };
		7EE545052C0333550082B88B /* ViewController.swift in Sources */ = {isa = PBXBuildFile; fileRef = 7EE545042C0333550082B88B /* ViewController.swift */; };
		7EE5450A2C0333570082B88B /* Assets.xcassets in Resources */ = {isa = PBXBuildFile; fileRef = 7EE545092C0333570082B88B /* Assets.xcassets */; };
		7EE5450D2C0333570082B88B /* Base in Resources */ = {isa = PBXBuildFile; fileRef = 7EE5450C2C0333570082B88B /* Base */; };
		DFE3A244159BD9585E90040B /* Pods_DeliveryApp.framework in Frameworks */ = {isa = PBXBuildFile; fileRef = 95834055F91170DC17A2ECAB /* Pods_DeliveryApp.framework */; };
/* End PBXBuildFile section */

/* Begin PBXFileReference section */
		7E2EF7662C11E326001E2A81 /* swiftgen.yml */ = {isa = PBXFileReference; fileEncoding = 4; lastKnownFileType = text.yaml; path = swiftgen.yml; sourceTree = "<group>"; };
		7E2EF7812C11EDC2001E2A81 /* ProxyService.swift */ = {isa = PBXFileReference; lastKnownFileType = sourcecode.swift; path = ProxyService.swift; sourceTree = "<group>"; };
		7E2EF7832C11EDD5001E2A81 /* NetworkManager.swift */ = {isa = PBXFileReference; lastKnownFileType = sourcecode.swift; path = NetworkManager.swift; sourceTree = "<group>"; };
		7E2EF7862C11EE72001E2A81 /* StoragesRepository.swift */ = {isa = PBXFileReference; lastKnownFileType = sourcecode.swift; path = StoragesRepository.swift; sourceTree = "<group>"; };
		7E2EF78C2C11EEF5001E2A81 /* RealmManager.swift */ = {isa = PBXFileReference; lastKnownFileType = sourcecode.swift; path = RealmManager.swift; sourceTree = "<group>"; };
		7E2EF78E2C11EF11001E2A81 /* CacheService.swift */ = {isa = PBXFileReference; lastKnownFileType = sourcecode.swift; path = CacheService.swift; sourceTree = "<group>"; };
		7E2EF7902C11EF2E001E2A81 /* CoreDataManager.swift */ = {isa = PBXFileReference; lastKnownFileType = sourcecode.swift; path = CoreDataManager.swift; sourceTree = "<group>"; };
		7E2EF7962C11F0FF001E2A81 /* MenuTagData.swift */ = {isa = PBXFileReference; fileEncoding = 4; lastKnownFileType = sourcecode.swift; path = MenuTagData.swift; sourceTree = "<group>"; };
		7E2EF7982C11F107001E2A81 /* MenuData.swift */ = {isa = PBXFileReference; fileEncoding = 4; lastKnownFileType = sourcecode.swift; path = MenuData.swift; sourceTree = "<group>"; };
		7E2EF79A2C11F10E001E2A81 /* DishCoreData+CoreDataProperties.swift */ = {isa = PBXFileReference; fileEncoding = 4; lastKnownFileType = sourcecode.swift; path = "DishCoreData+CoreDataProperties.swift"; sourceTree = "<group>"; };
		7E2EF79C2C11F115001E2A81 /* DishCoreData+CoreDataClass.swift */ = {isa = PBXFileReference; fileEncoding = 4; lastKnownFileType = sourcecode.swift; path = "DishCoreData+CoreDataClass.swift"; sourceTree = "<group>"; };
		7E2EF79E2C11F119001E2A81 /* CategoryCoreData+CoreDataProperties.swift */ = {isa = PBXFileReference; fileEncoding = 4; lastKnownFileType = sourcecode.swift; path = "CategoryCoreData+CoreDataProperties.swift"; sourceTree = "<group>"; };
		7E2EF7A02C11F11E001E2A81 /* CategoryCoreData+CoreDataClass.swift */ = {isa = PBXFileReference; fileEncoding = 4; lastKnownFileType = sourcecode.swift; path = "CategoryCoreData+CoreDataClass.swift"; sourceTree = "<group>"; };
		7E2EF7A22C11F127001E2A81 /* СategoryModel.swift */ = {isa = PBXFileReference; fileEncoding = 4; lastKnownFileType = sourcecode.swift; path = "СategoryModel.swift"; sourceTree = "<group>"; };
		7E2EF7A52C11F16E001E2A81 /* CoreData.xcdatamodel */ = {isa = PBXFileReference; lastKnownFileType = wrapper.xcdatamodel; path = CoreData.xcdatamodel; sourceTree = "<group>"; };
		7E2EF7AA2C11F7C6001E2A81 /* TabBarViewModel.swift */ = {isa = PBXFileReference; lastKnownFileType = sourcecode.swift; path = TabBarViewModel.swift; sourceTree = "<group>"; };
		7E2EF7AC2C11F836001E2A81 /* SwiftGenLocalizable.swift */ = {isa = PBXFileReference; fileEncoding = 4; lastKnownFileType = sourcecode.swift; path = SwiftGenLocalizable.swift; sourceTree = "<group>"; };
		7E2EF7BF2C11F8D9001E2A81 /* en */ = {isa = PBXFileReference; lastKnownFileType = text.plist.strings; name = en; path = en.lproj/Localizable.strings; sourceTree = "<group>"; };
		7E2EF7C32C11F8EA001E2A81 /* ru */ = {isa = PBXFileReference; lastKnownFileType = text.plist.strings; name = ru; path = Localizable.strings; sourceTree = "<group>"; };
		7E2EF7C92C11FB48001E2A81 /* TabBarViewController.swift */ = {isa = PBXFileReference; fileEncoding = 4; lastKnownFileType = sourcecode.swift; path = TabBarViewController.swift; sourceTree = "<group>"; };
		7E2EF7CB2C11FB69001E2A81 /* TabBarAssembly.swift */ = {isa = PBXFileReference; fileEncoding = 4; lastKnownFileType = sourcecode.swift; path = TabBarAssembly.swift; sourceTree = "<group>"; };
		7E2EF7CF2C11FBD2001E2A81 /* BaseCoordinator.swift */ = {isa = PBXFileReference; fileEncoding = 4; lastKnownFileType = sourcecode.swift; path = BaseCoordinator.swift; sourceTree = "<group>"; };
		7EE544FD2C0333550082B88B /* DeliveryApp.app */ = {isa = PBXFileReference; explicitFileType = wrapper.application; includeInIndex = 0; path = DeliveryApp.app; sourceTree = BUILT_PRODUCTS_DIR; };
		7EE545002C0333550082B88B /* AppDelegate.swift */ = {isa = PBXFileReference; lastKnownFileType = sourcecode.swift; path = AppDelegate.swift; sourceTree = "<group>"; };
		7EE545022C0333550082B88B /* SceneDelegate.swift */ = {isa = PBXFileReference; lastKnownFileType = sourcecode.swift; path = SceneDelegate.swift; sourceTree = "<group>"; };
		7EE545042C0333550082B88B /* ViewController.swift */ = {isa = PBXFileReference; lastKnownFileType = sourcecode.swift; path = ViewController.swift; sourceTree = "<group>"; };
		7EE545092C0333570082B88B /* Assets.xcassets */ = {isa = PBXFileReference; lastKnownFileType = folder.assetcatalog; path = Assets.xcassets; sourceTree = "<group>"; };
		7EE5450C2C0333570082B88B /* Base */ = {isa = PBXFileReference; lastKnownFileType = file.storyboard; name = Base; path = Base.lproj/LaunchScreen.storyboard; sourceTree = "<group>"; };
		7EE5450E2C0333570082B88B /* Info.plist */ = {isa = PBXFileReference; lastKnownFileType = text.plist.xml; path = Info.plist; sourceTree = "<group>"; };
		7F1BE94238D83AFDAD9ABB79 /* Pods-DeliveryApp.release.xcconfig */ = {isa = PBXFileReference; includeInIndex = 1; lastKnownFileType = text.xcconfig; name = "Pods-DeliveryApp.release.xcconfig"; path = "Target Support Files/Pods-DeliveryApp/Pods-DeliveryApp.release.xcconfig"; sourceTree = "<group>"; };
		89F2B36B065DDE60F96AC444 /* Pods-DeliveryApp.debug.xcconfig */ = {isa = PBXFileReference; includeInIndex = 1; lastKnownFileType = text.xcconfig; name = "Pods-DeliveryApp.debug.xcconfig"; path = "Target Support Files/Pods-DeliveryApp/Pods-DeliveryApp.debug.xcconfig"; sourceTree = "<group>"; };
		95834055F91170DC17A2ECAB /* Pods_DeliveryApp.framework */ = {isa = PBXFileReference; explicitFileType = wrapper.framework; includeInIndex = 0; path = Pods_DeliveryApp.framework; sourceTree = BUILT_PRODUCTS_DIR; };
/* End PBXFileReference section */

/* Begin PBXFrameworksBuildPhase section */
		7EE544FA2C0333550082B88B /* Frameworks */ = {
			isa = PBXFrameworksBuildPhase;
			buildActionMask = 2147483647;
			files = (
				DFE3A244159BD9585E90040B /* Pods_DeliveryApp.framework in Frameworks */,
			);
			runOnlyForDeploymentPostprocessing = 0;
		};
/* End PBXFrameworksBuildPhase section */

/* Begin PBXGroup section */
		24DEC65C06FBC8B02F5B5A57 /* Pods */ = {
			isa = PBXGroup;
			children = (
				89F2B36B065DDE60F96AC444 /* Pods-DeliveryApp.debug.xcconfig */,
				7F1BE94238D83AFDAD9ABB79 /* Pods-DeliveryApp.release.xcconfig */,
			);
			path = Pods;
			sourceTree = "<group>";
		};
		7C9EF46CAAC06DA2A257BBBD /* Frameworks */ = {
			isa = PBXGroup;
			children = (
				95834055F91170DC17A2ECAB /* Pods_DeliveryApp.framework */,
			);
			name = Frameworks;
			sourceTree = "<group>";
		};
		7E2EF77F2C11ED96001E2A81 /* Data */ = {
			isa = PBXGroup;
			children = (
				7E2EF7802C11EDAC001E2A81 /* Networking */,
				7E2EF7852C11EE1E001E2A81 /* Repositories */,
				7E2EF7882C11EE96001E2A81 /* Storage */,
			);
			path = Data;
			sourceTree = "<group>";
		};
		7E2EF7802C11EDAC001E2A81 /* Networking */ = {
			isa = PBXGroup;
			children = (
				7E2EF7812C11EDC2001E2A81 /* ProxyService.swift */,
				7E2EF7832C11EDD5001E2A81 /* NetworkManager.swift */,
			);
			path = Networking;
			sourceTree = "<group>";
		};
		7E2EF7852C11EE1E001E2A81 /* Repositories */ = {
			isa = PBXGroup;
			children = (
				7E2EF7862C11EE72001E2A81 /* StoragesRepository.swift */,
			);
			path = Repositories;
			sourceTree = "<group>";
		};
		7E2EF7882C11EE96001E2A81 /* Storage */ = {
			isa = PBXGroup;
			children = (
				7E2EF78B2C11EEDE001E2A81 /* Realm */,
				7E2EF78A2C11EED5001E2A81 /* CacheService */,
				7E2EF7892C11EECA001E2A81 /* CoreData */,
			);
			path = Storage;
			sourceTree = "<group>";
		};
		7E2EF7892C11EECA001E2A81 /* CoreData */ = {
			isa = PBXGroup;
			children = (
				7E2EF7902C11EF2E001E2A81 /* CoreDataManager.swift */,
				7E2EF7A42C11F16E001E2A81 /* CoreData.xcdatamodeld */,
			);
			path = CoreData;
			sourceTree = "<group>";
		};
		7E2EF78A2C11EED5001E2A81 /* CacheService */ = {
			isa = PBXGroup;
			children = (
				7E2EF78E2C11EF11001E2A81 /* CacheService.swift */,
			);
			path = CacheService;
			sourceTree = "<group>";
		};
		7E2EF78B2C11EEDE001E2A81 /* Realm */ = {
			isa = PBXGroup;
			children = (
				7E2EF78C2C11EEF5001E2A81 /* RealmManager.swift */,
			);
			path = Realm;
			sourceTree = "<group>";
		};
		7E2EF7922C11EFB3001E2A81 /* App */ = {
			isa = PBXGroup;
			children = (
				7E2EF7CD2C11FB80001E2A81 /* Coordinators */,
				7EE545142C0340080082B88B /* Core */,
			);
			path = App;
			sourceTree = "<group>";
		};
		7E2EF7942C11F01E001E2A81 /* Core */ = {
			isa = PBXGroup;
			children = (
				7E2EF7952C11F02D001E2A81 /* Entities */,
			);
			path = Core;
			sourceTree = "<group>";
		};
		7E2EF7952C11F02D001E2A81 /* Entities */ = {
			isa = PBXGroup;
			children = (
				7E2EF7962C11F0FF001E2A81 /* MenuTagData.swift */,
				7E2EF79C2C11F115001E2A81 /* DishCoreData+CoreDataClass.swift */,
				7E2EF7A22C11F127001E2A81 /* СategoryModel.swift */,
				7E2EF7A02C11F11E001E2A81 /* CategoryCoreData+CoreDataClass.swift */,
				7E2EF79E2C11F119001E2A81 /* CategoryCoreData+CoreDataProperties.swift */,
				7E2EF79A2C11F10E001E2A81 /* DishCoreData+CoreDataProperties.swift */,
				7E2EF7982C11F107001E2A81 /* MenuData.swift */,
			);
			path = Entities;
			sourceTree = "<group>";
		};
		7E2EF7A72C11F774001E2A81 /* Presentation */ = {
			isa = PBXGroup;
			children = (
				7E2EF7A82C11F781001E2A81 /* TabBarModule */,
			);
			path = Presentation;
			sourceTree = "<group>";
		};
		7E2EF7A82C11F781001E2A81 /* TabBarModule */ = {
			isa = PBXGroup;
			children = (
				7E2EF7C82C11FB03001E2A81 /* Assembly */,
				7E2EF7C72C11FAFC001E2A81 /* View */,
				7E2EF7A92C11F7A1001E2A81 /* ViewModel */,
			);
			path = TabBarModule;
			sourceTree = "<group>";
		};
		7E2EF7A92C11F7A1001E2A81 /* ViewModel */ = {
			isa = PBXGroup;
			children = (
				7E2EF7AA2C11F7C6001E2A81 /* TabBarViewModel.swift */,
			);
			name = ViewModel;
			sourceTree = "<group>";
		};
		7E2EF7AD2C11F836001E2A81 /* Generated */ = {
			isa = PBXGroup;
			children = (
				7E2EF7AC2C11F836001E2A81 /* SwiftGenLocalizable.swift */,
			);
			path = Generated;
			sourceTree = "<group>";
		};
		7E2EF7B32C11F836001E2A81 /* Resourse */ = {
			isa = PBXGroup;
			children = (
				7E2EF7BC2C11F88B001E2A81 /* Localizable */,
				7E2EF7AD2C11F836001E2A81 /* Generated */,
			);
			path = Resourse;
			sourceTree = "<group>";
		};
		7E2EF7BC2C11F88B001E2A81 /* Localizable */ = {
			isa = PBXGroup;
			children = (
				7E2EF7C52C11F8EA001E2A81 /* ru.lproj */,
				7E2EF7C12C11F8D9001E2A81 /* en.lproj */,
			);
			name = Localizable;
			path = ../../../../HomeWorkTestApp/HomeWorkTestApp/HomeWorkTestApp/Resourse/Localizable;
			sourceTree = "<group>";
		};
		7E2EF7C12C11F8D9001E2A81 /* en.lproj */ = {
			isa = PBXGroup;
			children = (
				7E2EF7C02C11F8D9001E2A81 /* Localizable.strings */,
			);
			path = en.lproj;
			sourceTree = "<group>";
		};
		7E2EF7C52C11F8EA001E2A81 /* ru.lproj */ = {
			isa = PBXGroup;
			children = (
				7E2EF7C42C11F8EA001E2A81 /* Localizable.strings */,
			);
			path = ru.lproj;
			sourceTree = "<group>";
		};
		7E2EF7C72C11FAFC001E2A81 /* View */ = {
			isa = PBXGroup;
			children = (
				7E2EF7C92C11FB48001E2A81 /* TabBarViewController.swift */,
			);
			name = View;
			sourceTree = "<group>";
		};
		7E2EF7C82C11FB03001E2A81 /* Assembly */ = {
			isa = PBXGroup;
			children = (
				7E2EF7CB2C11FB69001E2A81 /* TabBarAssembly.swift */,
			);
			name = Assembly;
			sourceTree = "<group>";
		};
		7E2EF7CD2C11FB80001E2A81 /* Coordinators */ = {
			isa = PBXGroup;
			children = (
				7E2EF7D12C11FBD7001E2A81 /* ModuleCoordinators */,
				7E2EF7CE2C11FBAB001E2A81 /* BaseCoordinator */,
			);
			path = Coordinators;
			sourceTree = "<group>";
		};
		7E2EF7CE2C11FBAB001E2A81 /* BaseCoordinator */ = {
			isa = PBXGroup;
			children = (
				7E2EF7CF2C11FBD2001E2A81 /* BaseCoordinator.swift */,
			);
			path = BaseCoordinator;
			sourceTree = "<group>";
		};
		7E2EF7D12C11FBD7001E2A81 /* ModuleCoordinators */ = {
			isa = PBXGroup;
			children = (
			);
			path = ModuleCoordinators;
			sourceTree = "<group>";
		};
		7EE544F42C0333550082B88B = {
			isa = PBXGroup;
			children = (
				7E2EF7662C11E326001E2A81 /* swiftgen.yml */,
				7EE544FF2C0333550082B88B /* DeliveryApp */,
				7EE544FE2C0333550082B88B /* Products */,
				24DEC65C06FBC8B02F5B5A57 /* Pods */,
				7C9EF46CAAC06DA2A257BBBD /* Frameworks */,
			);
			sourceTree = "<group>";
		};
		7EE544FE2C0333550082B88B /* Products */ = {
			isa = PBXGroup;
			children = (
				7EE544FD2C0333550082B88B /* DeliveryApp.app */,
			);
			name = Products;
			sourceTree = "<group>";
		};
		7EE544FF2C0333550082B88B /* DeliveryApp */ = {
			isa = PBXGroup;
			children = (
				7E2EF7B32C11F836001E2A81 /* Resourse */,
				7E2EF7A72C11F774001E2A81 /* Presentation */,
				7E2EF7922C11EFB3001E2A81 /* App */,
				7E2EF7942C11F01E001E2A81 /* Core */,
				7E2EF77F2C11ED96001E2A81 /* Data */,
				7EE545042C0333550082B88B /* ViewController.swift */,
			);
			path = DeliveryApp;
			sourceTree = "<group>";
		};
		7EE545142C0340080082B88B /* Core */ = {
			isa = PBXGroup;
			children = (
				7EE545022C0333550082B88B /* SceneDelegate.swift */,
				7EE545002C0333550082B88B /* AppDelegate.swift */,
				7EE5450B2C0333570082B88B /* LaunchScreen.storyboard */,
				7EE545092C0333570082B88B /* Assets.xcassets */,
				7EE5450E2C0333570082B88B /* Info.plist */,
			);
			path = Core;
			sourceTree = "<group>";
		};
/* End PBXGroup section */

/* Begin PBXNativeTarget section */
		7EE544FC2C0333550082B88B /* DeliveryApp */ = {
			isa = PBXNativeTarget;
			buildConfigurationList = 7EE545112C0333570082B88B /* Build configuration list for PBXNativeTarget "DeliveryApp" */;
			buildPhases = (
				6BE82A97368ACCF25B3E528C /* [CP] Check Pods Manifest.lock */,
				7E2EF7472C11DD20001E2A81 /* SwiftGen */,
				7EE544F92C0333550082B88B /* Sources */,
				7EE544FA2C0333550082B88B /* Frameworks */,
				7EE544FB2C0333550082B88B /* Resources */,
				13F10674729FE77F4315DD69 /* [CP] Embed Pods Frameworks */,
				7E2EF7482C11DD22001E2A81 /* SwiftLint */,
				7E2EF7492C11DD24001E2A81 /* SwiftFormatter  */,
			);
			buildRules = (
			);
			dependencies = (
			);
			name = DeliveryApp;
			productName = DeliveryApp;
			productReference = 7EE544FD2C0333550082B88B /* DeliveryApp.app */;
			productType = "com.apple.product-type.application";
		};
/* End PBXNativeTarget section */

/* Begin PBXProject section */
		7EE544F52C0333550082B88B /* Project object */ = {
			isa = PBXProject;
			attributes = {
				BuildIndependentTargetsInParallel = 1;
				LastSwiftUpdateCheck = 1540;
				LastUpgradeCheck = 1540;
				TargetAttributes = {
					7EE544FC2C0333550082B88B = {
						CreatedOnToolsVersion = 15.4;
					};
				};
			};
			buildConfigurationList = 7EE544F82C0333550082B88B /* Build configuration list for PBXProject "DeliveryApp" */;
			compatibilityVersion = "Xcode 14.0";
			developmentRegion = en;
			hasScannedForEncodings = 0;
			knownRegions = (
				en,
				Base,
				ru,
			);
			mainGroup = 7EE544F42C0333550082B88B;
			productRefGroup = 7EE544FE2C0333550082B88B /* Products */;
			projectDirPath = "";
			projectRoot = "";
			targets = (
				7EE544FC2C0333550082B88B /* DeliveryApp */,
			);
		};
/* End PBXProject section */

/* Begin PBXResourcesBuildPhase section */
		7EE544FB2C0333550082B88B /* Resources */ = {
			isa = PBXResourcesBuildPhase;
			buildActionMask = 2147483647;
			files = (
				7E2EF7C62C11F8EA001E2A81 /* Localizable.strings in Resources */,
				7E2EF7C22C11F8D9001E2A81 /* Localizable.strings in Resources */,
				7EE5450A2C0333570082B88B /* Assets.xcassets in Resources */,
				7EE5450D2C0333570082B88B /* Base in Resources */,
				7E2EF7672C11E326001E2A81 /* swiftgen.yml in Resources */,
			);
			runOnlyForDeploymentPostprocessing = 0;
		};
/* End PBXResourcesBuildPhase section */

/* Begin PBXShellScriptBuildPhase section */
		13F10674729FE77F4315DD69 /* [CP] Embed Pods Frameworks */ = {
			isa = PBXShellScriptBuildPhase;
			buildActionMask = 2147483647;
			files = (
			);
			inputFileListPaths = (
				"${PODS_ROOT}/Target Support Files/Pods-DeliveryApp/Pods-DeliveryApp-frameworks-${CONFIGURATION}-input-files.xcfilelist",
			);
			name = "[CP] Embed Pods Frameworks";
			outputFileListPaths = (
				"${PODS_ROOT}/Target Support Files/Pods-DeliveryApp/Pods-DeliveryApp-frameworks-${CONFIGURATION}-output-files.xcfilelist",
			);
			runOnlyForDeploymentPostprocessing = 0;
			shellPath = /bin/sh;
			shellScript = "\"${PODS_ROOT}/Target Support Files/Pods-DeliveryApp/Pods-DeliveryApp-frameworks.sh\"\n";
			showEnvVarsInLog = 0;
		};
		6BE82A97368ACCF25B3E528C /* [CP] Check Pods Manifest.lock */ = {
			isa = PBXShellScriptBuildPhase;
			buildActionMask = 2147483647;
			files = (
			);
			inputFileListPaths = (
			);
			inputPaths = (
				"${PODS_PODFILE_DIR_PATH}/Podfile.lock",
				"${PODS_ROOT}/Manifest.lock",
			);
			name = "[CP] Check Pods Manifest.lock";
			outputFileListPaths = (
			);
			outputPaths = (
				"$(DERIVED_FILE_DIR)/Pods-DeliveryApp-checkManifestLockResult.txt",
			);
			runOnlyForDeploymentPostprocessing = 0;
			shellPath = /bin/sh;
			shellScript = "diff \"${PODS_PODFILE_DIR_PATH}/Podfile.lock\" \"${PODS_ROOT}/Manifest.lock\" > /dev/null\nif [ $? != 0 ] ; then\n    # print error to STDERR\n    echo \"error: The sandbox is not in sync with the Podfile.lock. Run 'pod install' or update your CocoaPods installation.\" >&2\n    exit 1\nfi\n# This output is used by Xcode 'outputs' to avoid re-running this script phase.\necho \"SUCCESS\" > \"${SCRIPT_OUTPUT_FILE_0}\"\n";
			showEnvVarsInLog = 0;
		};
		7E2EF7472C11DD20001E2A81 /* SwiftGen */ = {
			isa = PBXShellScriptBuildPhase;
			buildActionMask = 2147483647;
			files = (
			);
			inputFileListPaths = (
			);
			inputPaths = (
			);
			name = SwiftGen;
			outputFileListPaths = (
			);
			outputPaths = (
			);
			runOnlyForDeploymentPostprocessing = 0;
			shellPath = /bin/sh;
			shellScript = "if [[ -f \"${PODS_ROOT}/SwiftGen/bin/swiftgen\" ]]; then\n  \"${PODS_ROOT}/SwiftGen/bin/swiftgen\"\nelse\n  echo \"warning: SwiftGen is not installed. Run 'pod install --repo-update' to install it.\"\nfi \n";
		};
		7E2EF7482C11DD22001E2A81 /* SwiftLint */ = {
			isa = PBXShellScriptBuildPhase;
			buildActionMask = 2147483647;
			files = (
			);
			inputFileListPaths = (
			);
			inputPaths = (
			);
			name = SwiftLint;
			outputFileListPaths = (
			);
			outputPaths = (
			);
			runOnlyForDeploymentPostprocessing = 0;
			shellPath = /bin/sh;
			shellScript = "${PODS_ROOT}/SwiftLint/swiftlint\n";
		};
		7E2EF7492C11DD24001E2A81 /* SwiftFormatter  */ = {
			isa = PBXShellScriptBuildPhase;
			buildActionMask = 2147483647;
			files = (
			);
			inputFileListPaths = (
			);
			inputPaths = (
			);
			name = "SwiftFormatter ";
			outputFileListPaths = (
			);
			outputPaths = (
			);
			runOnlyForDeploymentPostprocessing = 0;
			shellPath = /bin/sh;
			shellScript = "${PODS_ROOT}/SwiftFormat/CommandLineTool/swiftformat $SRCROOT\n";
		};
/* End PBXShellScriptBuildPhase section */

/* Begin PBXSourcesBuildPhase section */
		7EE544F92C0333550082B88B /* Sources */ = {
			isa = PBXSourcesBuildPhase;
			buildActionMask = 2147483647;
			files = (
				7EE545052C0333550082B88B /* ViewController.swift in Sources */,
				7E2EF7CC2C11FB69001E2A81 /* TabBarAssembly.swift in Sources */,
				7E2EF78D2C11EEF5001E2A81 /* RealmManager.swift in Sources */,
				7E2EF7A62C11F16E001E2A81 /* CoreData.xcdatamodeld in Sources */,
				7E2EF79D2C11F115001E2A81 /* DishCoreData+CoreDataClass.swift in Sources */,
				7E2EF7842C11EDD5001E2A81 /* NetworkManager.swift in Sources */,
				7E2EF7A12C11F11E001E2A81 /* CategoryCoreData+CoreDataClass.swift in Sources */,
				7E2EF7992C11F107001E2A81 /* MenuData.swift in Sources */,
				7E2EF7872C11EE72001E2A81 /* StoragesRepository.swift in Sources */,
				7E2EF7D02C11FBD2001E2A81 /* BaseCoordinator.swift in Sources */,
				7E2EF7CA2C11FB48001E2A81 /* TabBarViewController.swift in Sources */,
				7EE545012C0333550082B88B /* AppDelegate.swift in Sources */,
				7EE545032C0333550082B88B /* SceneDelegate.swift in Sources */,
				7E2EF7AB2C11F7C6001E2A81 /* TabBarViewModel.swift in Sources */,
				7E2EF7B42C11F836001E2A81 /* SwiftGenLocalizable.swift in Sources */,
				7E2EF78F2C11EF11001E2A81 /* CacheService.swift in Sources */,
				7E2EF7972C11F0FF001E2A81 /* MenuTagData.swift in Sources */,
				7E2EF79F2C11F119001E2A81 /* CategoryCoreData+CoreDataProperties.swift in Sources */,
				7E2EF7A32C11F127001E2A81 /* СategoryModel.swift in Sources */,
				7E2EF79B2C11F10E001E2A81 /* DishCoreData+CoreDataProperties.swift in Sources */,
				7E2EF7912C11EF2E001E2A81 /* CoreDataManager.swift in Sources */,
				7E2EF7822C11EDC2001E2A81 /* ProxyService.swift in Sources */,
			);
			runOnlyForDeploymentPostprocessing = 0;
		};
/* End PBXSourcesBuildPhase section */

/* Begin PBXVariantGroup section */
		7E2EF7C02C11F8D9001E2A81 /* Localizable.strings */ = {
			isa = PBXVariantGroup;
			children = (
				7E2EF7BF2C11F8D9001E2A81 /* en */,
			);
			name = Localizable.strings;
			sourceTree = "<group>";
		};
		7E2EF7C42C11F8EA001E2A81 /* Localizable.strings */ = {
			isa = PBXVariantGroup;
			children = (
				7E2EF7C32C11F8EA001E2A81 /* ru */,
			);
			name = Localizable.strings;
			sourceTree = "<group>";
		};
		7EE5450B2C0333570082B88B /* LaunchScreen.storyboard */ = {
			isa = PBXVariantGroup;
			children = (
				7EE5450C2C0333570082B88B /* Base */,
			);
			name = LaunchScreen.storyboard;
			sourceTree = "<group>";
		};
/* End PBXVariantGroup section */

/* Begin XCBuildConfiguration section */
		7EE5450F2C0333570082B88B /* Debug */ = {
			isa = XCBuildConfiguration;
			buildSettings = {
				ALWAYS_SEARCH_USER_PATHS = NO;
				ASSETCATALOG_COMPILER_GENERATE_SWIFT_ASSET_SYMBOL_EXTENSIONS = YES;
				CLANG_ANALYZER_NONNULL = YES;
				CLANG_ANALYZER_NUMBER_OBJECT_CONVERSION = YES_AGGRESSIVE;
				CLANG_CXX_LANGUAGE_STANDARD = "gnu++20";
				CLANG_ENABLE_MODULES = YES;
				CLANG_ENABLE_OBJC_ARC = YES;
				CLANG_ENABLE_OBJC_WEAK = YES;
				CLANG_WARN_BLOCK_CAPTURE_AUTORELEASING = YES;
				CLANG_WARN_BOOL_CONVERSION = YES;
				CLANG_WARN_COMMA = YES;
				CLANG_WARN_CONSTANT_CONVERSION = YES;
				CLANG_WARN_DEPRECATED_OBJC_IMPLEMENTATIONS = YES;
				CLANG_WARN_DIRECT_OBJC_ISA_USAGE = YES_ERROR;
				CLANG_WARN_DOCUMENTATION_COMMENTS = YES;
				CLANG_WARN_EMPTY_BODY = YES;
				CLANG_WARN_ENUM_CONVERSION = YES;
				CLANG_WARN_INFINITE_RECURSION = YES;
				CLANG_WARN_INT_CONVERSION = YES;
				CLANG_WARN_NON_LITERAL_NULL_CONVERSION = YES;
				CLANG_WARN_OBJC_IMPLICIT_RETAIN_SELF = YES;
				CLANG_WARN_OBJC_LITERAL_CONVERSION = YES;
				CLANG_WARN_OBJC_ROOT_CLASS = YES_ERROR;
				CLANG_WARN_QUOTED_INCLUDE_IN_FRAMEWORK_HEADER = YES;
				CLANG_WARN_RANGE_LOOP_ANALYSIS = YES;
				CLANG_WARN_STRICT_PROTOTYPES = YES;
				CLANG_WARN_SUSPICIOUS_MOVE = YES;
				CLANG_WARN_UNGUARDED_AVAILABILITY = YES_AGGRESSIVE;
				CLANG_WARN_UNREACHABLE_CODE = YES;
				CLANG_WARN__DUPLICATE_METHOD_MATCH = YES;
				COPY_PHASE_STRIP = NO;
				DEBUG_INFORMATION_FORMAT = dwarf;
				ENABLE_STRICT_OBJC_MSGSEND = YES;
				ENABLE_TESTABILITY = YES;
				ENABLE_USER_SCRIPT_SANDBOXING = NO;
				GCC_C_LANGUAGE_STANDARD = gnu17;
				GCC_DYNAMIC_NO_PIC = NO;
				GCC_NO_COMMON_BLOCKS = YES;
				GCC_OPTIMIZATION_LEVEL = 0;
				GCC_PREPROCESSOR_DEFINITIONS = (
					"DEBUG=1",
					"$(inherited)",
				);
				GCC_WARN_64_TO_32_BIT_CONVERSION = YES;
				GCC_WARN_ABOUT_RETURN_TYPE = YES_ERROR;
				GCC_WARN_UNDECLARED_SELECTOR = YES;
				GCC_WARN_UNINITIALIZED_AUTOS = YES_AGGRESSIVE;
				GCC_WARN_UNUSED_FUNCTION = YES;
				GCC_WARN_UNUSED_VARIABLE = YES;
				IPHONEOS_DEPLOYMENT_TARGET = 17.5;
				LOCALIZATION_PREFERS_STRING_CATALOGS = YES;
				MTL_ENABLE_DEBUG_INFO = INCLUDE_SOURCE;
				MTL_FAST_MATH = YES;
				ONLY_ACTIVE_ARCH = YES;
				SDKROOT = iphoneos;
				SWIFT_ACTIVE_COMPILATION_CONDITIONS = "DEBUG $(inherited)";
				SWIFT_OPTIMIZATION_LEVEL = "-Onone";
			};
			name = Debug;
		};
		7EE545102C0333570082B88B /* Release */ = {
			isa = XCBuildConfiguration;
			buildSettings = {
				ALWAYS_SEARCH_USER_PATHS = NO;
				ASSETCATALOG_COMPILER_GENERATE_SWIFT_ASSET_SYMBOL_EXTENSIONS = YES;
				CLANG_ANALYZER_NONNULL = YES;
				CLANG_ANALYZER_NUMBER_OBJECT_CONVERSION = YES_AGGRESSIVE;
				CLANG_CXX_LANGUAGE_STANDARD = "gnu++20";
				CLANG_ENABLE_MODULES = YES;
				CLANG_ENABLE_OBJC_ARC = YES;
				CLANG_ENABLE_OBJC_WEAK = YES;
				CLANG_WARN_BLOCK_CAPTURE_AUTORELEASING = YES;
				CLANG_WARN_BOOL_CONVERSION = YES;
				CLANG_WARN_COMMA = YES;
				CLANG_WARN_CONSTANT_CONVERSION = YES;
				CLANG_WARN_DEPRECATED_OBJC_IMPLEMENTATIONS = YES;
				CLANG_WARN_DIRECT_OBJC_ISA_USAGE = YES_ERROR;
				CLANG_WARN_DOCUMENTATION_COMMENTS = YES;
				CLANG_WARN_EMPTY_BODY = YES;
				CLANG_WARN_ENUM_CONVERSION = YES;
				CLANG_WARN_INFINITE_RECURSION = YES;
				CLANG_WARN_INT_CONVERSION = YES;
				CLANG_WARN_NON_LITERAL_NULL_CONVERSION = YES;
				CLANG_WARN_OBJC_IMPLICIT_RETAIN_SELF = YES;
				CLANG_WARN_OBJC_LITERAL_CONVERSION = YES;
				CLANG_WARN_OBJC_ROOT_CLASS = YES_ERROR;
				CLANG_WARN_QUOTED_INCLUDE_IN_FRAMEWORK_HEADER = YES;
				CLANG_WARN_RANGE_LOOP_ANALYSIS = YES;
				CLANG_WARN_STRICT_PROTOTYPES = YES;
				CLANG_WARN_SUSPICIOUS_MOVE = YES;
				CLANG_WARN_UNGUARDED_AVAILABILITY = YES_AGGRESSIVE;
				CLANG_WARN_UNREACHABLE_CODE = YES;
				CLANG_WARN__DUPLICATE_METHOD_MATCH = YES;
				COPY_PHASE_STRIP = NO;
				DEBUG_INFORMATION_FORMAT = "dwarf-with-dsym";
				ENABLE_NS_ASSERTIONS = NO;
				ENABLE_STRICT_OBJC_MSGSEND = YES;
				ENABLE_USER_SCRIPT_SANDBOXING = NO;
				GCC_C_LANGUAGE_STANDARD = gnu17;
				GCC_NO_COMMON_BLOCKS = YES;
				GCC_WARN_64_TO_32_BIT_CONVERSION = YES;
				GCC_WARN_ABOUT_RETURN_TYPE = YES_ERROR;
				GCC_WARN_UNDECLARED_SELECTOR = YES;
				GCC_WARN_UNINITIALIZED_AUTOS = YES_AGGRESSIVE;
				GCC_WARN_UNUSED_FUNCTION = YES;
				GCC_WARN_UNUSED_VARIABLE = YES;
				IPHONEOS_DEPLOYMENT_TARGET = 17.5;
				LOCALIZATION_PREFERS_STRING_CATALOGS = YES;
				MTL_ENABLE_DEBUG_INFO = NO;
				MTL_FAST_MATH = YES;
				SDKROOT = iphoneos;
				SWIFT_COMPILATION_MODE = wholemodule;
				VALIDATE_PRODUCT = YES;
			};
			name = Release;
		};
		7EE545122C0333570082B88B /* Debug */ = {
			isa = XCBuildConfiguration;
			baseConfigurationReference = 89F2B36B065DDE60F96AC444 /* Pods-DeliveryApp.debug.xcconfig */;
			buildSettings = {
				ASSETCATALOG_COMPILER_APPICON_NAME = AppIcon;
				ASSETCATALOG_COMPILER_GLOBAL_ACCENT_COLOR_NAME = AccentColor;
				CODE_SIGN_STYLE = Automatic;
				CURRENT_PROJECT_VERSION = 1;
				GENERATE_INFOPLIST_FILE = YES;
				INFOPLIST_FILE = DeliveryApp/App/Core/Info.plist;
				INFOPLIST_KEY_UIApplicationSupportsIndirectInputEvents = YES;
				INFOPLIST_KEY_UILaunchStoryboardName = LaunchScreen;
				INFOPLIST_KEY_UISupportedInterfaceOrientations_iPad = "UIInterfaceOrientationPortrait UIInterfaceOrientationPortraitUpsideDown UIInterfaceOrientationLandscapeLeft UIInterfaceOrientationLandscapeRight";
				INFOPLIST_KEY_UISupportedInterfaceOrientations_iPhone = "UIInterfaceOrientationPortrait UIInterfaceOrientationLandscapeLeft UIInterfaceOrientationLandscapeRight";
				LD_RUNPATH_SEARCH_PATHS = (
					"$(inherited)",
					"@executable_path/Frameworks",
				);
				MARKETING_VERSION = 1.0;
				PRODUCT_BUNDLE_IDENTIFIER = DeliveryApp.DeliveryApp;
				PRODUCT_NAME = "$(TARGET_NAME)";
				SWIFT_EMIT_LOC_STRINGS = YES;
				SWIFT_VERSION = 5.0;
				TARGETED_DEVICE_FAMILY = "1,2";
			};
			name = Debug;
		};
		7EE545132C0333570082B88B /* Release */ = {
			isa = XCBuildConfiguration;
			baseConfigurationReference = 7F1BE94238D83AFDAD9ABB79 /* Pods-DeliveryApp.release.xcconfig */;
			buildSettings = {
				ASSETCATALOG_COMPILER_APPICON_NAME = AppIcon;
				ASSETCATALOG_COMPILER_GLOBAL_ACCENT_COLOR_NAME = AccentColor;
				CODE_SIGN_STYLE = Automatic;
				CURRENT_PROJECT_VERSION = 1;
				GENERATE_INFOPLIST_FILE = YES;
				INFOPLIST_FILE = DeliveryApp/App/Core/Info.plist;
				INFOPLIST_KEY_UIApplicationSupportsIndirectInputEvents = YES;
				INFOPLIST_KEY_UILaunchStoryboardName = LaunchScreen;
				INFOPLIST_KEY_UISupportedInterfaceOrientations_iPad = "UIInterfaceOrientationPortrait UIInterfaceOrientationPortraitUpsideDown UIInterfaceOrientationLandscapeLeft UIInterfaceOrientationLandscapeRight";
				INFOPLIST_KEY_UISupportedInterfaceOrientations_iPhone = "UIInterfaceOrientationPortrait UIInterfaceOrientationLandscapeLeft UIInterfaceOrientationLandscapeRight";
				LD_RUNPATH_SEARCH_PATHS = (
					"$(inherited)",
					"@executable_path/Frameworks",
				);
				MARKETING_VERSION = 1.0;
				PRODUCT_BUNDLE_IDENTIFIER = DeliveryApp.DeliveryApp;
				PRODUCT_NAME = "$(TARGET_NAME)";
				SWIFT_EMIT_LOC_STRINGS = YES;
				SWIFT_VERSION = 5.0;
				TARGETED_DEVICE_FAMILY = "1,2";
			};
			name = Release;
		};
/* End XCBuildConfiguration section */

/* Begin XCConfigurationList section */
		7EE544F82C0333550082B88B /* Build configuration list for PBXProject "DeliveryApp" */ = {
			isa = XCConfigurationList;
			buildConfigurations = (
				7EE5450F2C0333570082B88B /* Debug */,
				7EE545102C0333570082B88B /* Release */,
			);
			defaultConfigurationIsVisible = 0;
			defaultConfigurationName = Release;
		};
		7EE545112C0333570082B88B /* Build configuration list for PBXNativeTarget "DeliveryApp" */ = {
			isa = XCConfigurationList;
			buildConfigurations = (
				7EE545122C0333570082B88B /* Debug */,
				7EE545132C0333570082B88B /* Release */,
			);
			defaultConfigurationIsVisible = 0;
			defaultConfigurationName = Release;
		};
/* End XCConfigurationList section */

/* Begin XCVersionGroup section */
		7E2EF7A42C11F16E001E2A81 /* CoreData.xcdatamodeld */ = {
			isa = XCVersionGroup;
			children = (
				7E2EF7A52C11F16E001E2A81 /* CoreData.xcdatamodel */,
			);
			currentVersion = 7E2EF7A52C11F16E001E2A81 /* CoreData.xcdatamodel */;
			name = CoreData.xcdatamodeld;
			path = "/Users/paveldmitrievic/Desktop/DeliveryApp-/DeliveryApp/DeliveryApp/Data/Storage/CoreData/CoreData.xcdatamodeld";
			sourceTree = "<group>";
			versionGroupType = wrapper.xcdatamodel;
		};
/* End XCVersionGroup section */
	};
	rootObject = 7EE544F52C0333550082B88B /* Project object */;
}
